
Microsoft Visual Studio Solution File, Format Version 12.00
Project("{FAE04EC0-301F-11D3-BF4B-00C04F79EFBC}") = "ChainMapLib", "ChainMapLib\ChainMapLib.csproj", "{BC7C3B80-5731-4B62-A1BA-8E1103739725}"
EndProject
Project("{FAE04EC0-301F-11D3-BF4B-00C04F79EFBC}") = "ChainMapApp", "ChainMapApp\ChainMapApp.csproj", "{32BD16B0-7D13-4E65-8F5A-A74303AC0BD6}"
EndProject
Project("{FAE04EC0-301F-11D3-BF4B-00C04F79EFBC}") = "ChainMapTests", "ChainMapTests\ChainMapTests.csproj", "{180FD05E-E453-42F2-B14A-8461F92F1AB5}"
EndProject
Global
	GlobalSection(SolutionConfigurationPlatforms) = preSolution
		Debug|Any CPU = Debug|Any CPU
		Release|Any CPU = Release|Any CPU
	EndGlobalSection
	GlobalSection(ProjectConfigurationPlatforms) = postSolution
		{BC7C3B80-5731-4B62-A1BA-8E1103739725}.Debug|Any CPU.ActiveCfg = Debug|Any CPU
		{BC7C3B80-5731-4B62-A1BA-8E1103739725}.Debug|Any CPU.Build.0 = Debug|Any CPU
		{BC7C3B80-5731-4B62-A1BA-8E1103739725}.Release|Any CPU.ActiveCfg = Release|Any CPU
		{BC7C3B80-5731-4B62-A1BA-8E1103739725}.Release|Any CPU.Build.0 = Release|Any CPU
		{32BD16B0-7D13-4E65-8F5A-A74303AC0BD6}.Debug|Any CPU.ActiveCfg = Debug|Any CPU
		{32BD16B0-7D13-4E65-8F5A-A74303AC0BD6}.Debug|Any CPU.Build.0 = Debug|Any CPU
		{32BD16B0-7D13-4E65-8F5A-A74303AC0BD6}.Release|Any CPU.ActiveCfg = Release|Any CPU
		{32BD16B0-7D13-4E65-8F5A-A74303AC0BD6}.Release|Any CPU.Build.0 = Release|Any CPU
		{180FD05E-E453-42F2-B14A-8461F92F1AB5}.Debug|Any CPU.ActiveCfg = Debug|Any CPU
		{180FD05E-E453-42F2-B14A-8461F92F1AB5}.Debug|Any CPU.Build.0 = Debug|Any CPU
		{180FD05E-E453-42F2-B14A-8461F92F1AB5}.Release|Any CPU.ActiveCfg = Release|Any CPU
		{180FD05E-E453-42F2-B14A-8461F92F1AB5}.Release|Any CPU.Build.0 = Release|Any CPU
	EndGlobalSection
EndGlobal
